PODS:
  - Alamofire (4.7.3)
  - AlivcConan (0.9.5):
    - AlivcConan/AlivcConan (= 0.9.5)
  - AlivcConan/AlivcConan (0.9.5)
  - AliyunOSSiOS (2.10.7)
  - AliyunVideoSDKStd (3.12.0)
  - JXSegmentedView (0.0.19)
  - MJRefresh (3.2.0)
  - SDWebImage (5.1.0):
    - SDWebImage/Core (= 5.1.0)
  - SDWebImage/Core (5.1.0)
  - SnapKit (5.0.0)
  - SwiftyJSON (5.0.0)
  - "UITableView+FDTemplateLayoutCell (1.6)"
  - VODUpload (1.5.3):
    - AliyunOSSiOS
  - WechatOpenSDK (1.8.5)
  - WMPageController (2.3.0)

DEPENDENCIES:
  - Alamofire (~> 4.7.3)
  - AlivcConan
  - AliyunOSSiOS
  - AliyunVideoSDKStd
  - JXSegmentedView
  - MJRefresh
  - SDWebImage (~> 5.0)
  - SnapKit (~> 5.0.0)
  - SwiftyJSON
  - "UITableView+FDTemplateLayoutCell (~> 1.6)"
  - VODUpload
  - WechatOpenSDK (= 1.8.5)
  - WMPageController (= 2.3.0)

SPEC REPOS:
  trunk:
    - Alamofire
    - AlivcConan
    - AliyunOSSiOS
    - AliyunVideoSDKStd
    - JXSegmentedView
    - MJRefresh
    - SDWebImage
    - SnapKit
    - SwiftyJSON
    - "UITableView+FDTemplateLayoutCell"
    - VODUpload
    - WechatOpenSDK
    - WMPageController

SPEC CHECKSUMS:
  Alamofire: c7287b6e5d7da964a70935e5db17046b7fde6568
  AlivcConan: 9dccc32986024768bb5f50e14ad54490123903c7
  AliyunOSSiOS: 602b6a4e70e62a5f0a6431c20496343141d7e66f
  AliyunVideoSDKStd: abe4ec49550143d80b540516c2946b3b23e6b7d7
  JXSegmentedView: 6e22381bd1e6f0767fc078bef1947b13b2d337a1
  MJRefresh: ed450d6eb9d3346a2cb033ab7eb6de090aeef437
  SDWebImage: fb387001955223213dde14bc08c8b73f371f8d8f
  SnapKit: fd22d10eb9aff484d79a8724eab922c1ddf89bcf
  SwiftyJSON: 36413e04c44ee145039d332b4f4e2d3e8d6c4db7
  "UITableView+FDTemplateLayoutCell": 5c949b4a5059c404b442926c0e80f81d10a2d66f
  VODUpload: a76d07081e4faf9bd9e7535265901cde2cea507f
  WechatOpenSDK: 9b15110aba1d502456d8e83677357e6437f2e751
  WMPageController: 9f219bb8912a1a1f51af11fde61e2682a7b7e7f2

PODFILE CHECKSUM: 5d7d6961205b7ef1f1d6799d5b85db7480795bcf

COCOAPODS: 1.8.3
